
Microsoft Visual Studio Solution File, Format Version 12.00
# Visual Studio 15
VisualStudioVersion = 15.0.28307.136
MinimumVisualStudioVersion = 10.0.40219.1
Project("{FAE04EC0-301F-11D3-BF4B-00C04F79EFBC}") = "CodingArena", "CodingArena\CodingArena.csproj", "{A33960E0-1F95-4E0D-B448-308E220406E9}"
	ProjectSection(ProjectDependencies) = postProject
		{ADE7E948-F1B0-4EAA-B5B3-C1EB8577E7AD} = {ADE7E948-F1B0-4EAA-B5B3-C1EB8577E7AD}
	EndProjectSection
EndProject
Project("{FAE04EC0-301F-11D3-BF4B-00C04F79EFBC}") = "CodingArena.Tests", "CodingArena.Tests\CodingArena.Tests.csproj", "{42CCA574-B433-4A3F-BC81-2C434634AA6E}"
EndProject
Project("{FAE04EC0-301F-11D3-BF4B-00C04F79EFBC}") = "CodingArena.AI", "CodingArena.AI\CodingArena.AI.csproj", "{ADE7E948-F1B0-4EAA-B5B3-C1EB8577E7AD}"
EndProject
Project("{FAE04EC0-301F-11D3-BF4B-00C04F79EFBC}") = "CodingArena.AI.Filo", "CodingArena.AI.Filo\CodingArena.AI.Filo.csproj", "{BC08216F-EBE8-42CF-B2F9-E209A5731654}"
EndProject
Global
	GlobalSection(SolutionConfigurationPlatforms) = preSolution
		Debug|Any CPU = Debug|Any CPU
		Release|Any CPU = Release|Any CPU
	EndGlobalSection
	GlobalSection(ProjectConfigurationPlatforms) = postSolution
		{A33960E0-1F95-4E0D-B448-308E220406E9}.Debug|Any CPU.ActiveCfg = Debug|Any CPU
		{A33960E0-1F95-4E0D-B448-308E220406E9}.Debug|Any CPU.Build.0 = Debug|Any CPU
		{A33960E0-1F95-4E0D-B448-308E220406E9}.Release|Any CPU.ActiveCfg = Release|Any CPU
		{A33960E0-1F95-4E0D-B448-308E220406E9}.Release|Any CPU.Build.0 = Release|Any CPU
		{42CCA574-B433-4A3F-BC81-2C434634AA6E}.Debug|Any CPU.ActiveCfg = Debug|Any CPU
		{42CCA574-B433-4A3F-BC81-2C434634AA6E}.Debug|Any CPU.Build.0 = Debug|Any CPU
		{42CCA574-B433-4A3F-BC81-2C434634AA6E}.Release|Any CPU.ActiveCfg = Release|Any CPU
		{42CCA574-B433-4A3F-BC81-2C434634AA6E}.Release|Any CPU.Build.0 = Release|Any CPU
		{ADE7E948-F1B0-4EAA-B5B3-C1EB8577E7AD}.Debug|Any CPU.ActiveCfg = Debug|Any CPU
		{ADE7E948-F1B0-4EAA-B5B3-C1EB8577E7AD}.Debug|Any CPU.Build.0 = Debug|Any CPU
		{ADE7E948-F1B0-4EAA-B5B3-C1EB8577E7AD}.Release|Any CPU.ActiveCfg = Release|Any CPU
		{ADE7E948-F1B0-4EAA-B5B3-C1EB8577E7AD}.Release|Any CPU.Build.0 = Release|Any CPU
		{BC08216F-EBE8-42CF-B2F9-E209A5731654}.Debug|Any CPU.ActiveCfg = Debug|Any CPU
		{BC08216F-EBE8-42CF-B2F9-E209A5731654}.Debug|Any CPU.Build.0 = Debug|Any CPU
		{BC08216F-EBE8-42CF-B2F9-E209A5731654}.Release|Any CPU.ActiveCfg = Release|Any CPU
		{BC08216F-EBE8-42CF-B2F9-E209A5731654}.Release|Any CPU.Build.0 = Release|Any CPU
	EndGlobalSection
	GlobalSection(SolutionProperties) = preSolution
		HideSolutionNode = FALSE
	EndGlobalSection
	GlobalSection(ExtensibilityGlobals) = postSolution
		SolutionGuid = {AE385DBC-29B9-45B6-9CB4-F3B372B5FA86}
	EndGlobalSection
EndGlobal
